// !$*UTF8*$!
{
	archiveVersion = 1;
	classes = {
	};
	objectVersion = 56;
	objects = {

/* Begin PBXBuildFile section */
		EEE1656B2C528EBD00C1AA47 /* Airborne_AgilityApp.swift in Sources */ = {isa = PBXBuildFile; fileRef = EEE1656A2C528EBD00C1AA47 /* Airborne_AgilityApp.swift */; };
		EEE1656D2C528EBD00C1AA47 /* ContentView.swift in Sources */ = {isa = PBXBuildFile; fileRef = EEE1656C2C528EBD00C1AA47 /* ContentView.swift */; };
		EEE1656F2C528EBF00C1AA47 /* Assets.xcassets in Resources */ = {isa = PBXBuildFile; fileRef = EEE1656E2C528EBF00C1AA47 /* Assets.xcassets */; };
		EEE165722C528EBF00C1AA47 /* Preview Assets.xcassets in Resources */ = {isa = PBXBuildFile; fileRef = EEE165712C528EBF00C1AA47 /* Preview Assets.xcassets */; };
		EEE165792C52901600C1AA47 /* Souses.otf in Resources */ = {isa = PBXBuildFile; fileRef = EEE165782C52901600C1AA47 /* Souses.otf */; };
		EEE1657D2C5290B300C1AA47 /* Color.swift in Sources */ = {isa = PBXBuildFile; fileRef = EEE1657C2C5290B300C1AA47 /* Color.swift */; };
		EEE165802C52912E00C1AA47 /* RulesAgilityView.swift in Sources */ = {isa = PBXBuildFile; fileRef = EEE1657F2C52912E00C1AA47 /* RulesAgilityView.swift */; };
		EEE165842C52923600C1AA47 /* UserDataMain.swift in Sources */ = {isa = PBXBuildFile; fileRef = EEE165832C52923600C1AA47 /* UserDataMain.swift */; };
		EEE165872C52949100C1AA47 /* DailyRewardsView.swift in Sources */ = {isa = PBXBuildFile; fileRef = EEE165862C52949100C1AA47 /* DailyRewardsView.swift */; };
		EEE165892C529AEC00C1AA47 /* DailyRewardsViewModel.swift in Sources */ = {isa = PBXBuildFile; fileRef = EEE165882C529AEC00C1AA47 /* DailyRewardsViewModel.swift */; };
		EEE1658C2C529EDA00C1AA47 /* SettingsAgilityView.swift in Sources */ = {isa = PBXBuildFile; fileRef = EEE1658B2C529EDA00C1AA47 /* SettingsAgilityView.swift */; };
		EEE1658E2C52A0D500C1AA47 /* SettingsViewModel.swift in Sources */ = {isa = PBXBuildFile; fileRef = EEE1658D2C52A0D500C1AA47 /* SettingsViewModel.swift */; };
		EEE165912C52BB0600C1AA47 /* PlayAgilityView.swift in Sources */ = {isa = PBXBuildFile; fileRef = EEE165902C52BB0600C1AA47 /* PlayAgilityView.swift */; };
		EEE165932C52BB1F00C1AA47 /* PlayAgilityScene.swift in Sources */ = {isa = PBXBuildFile; fileRef = EEE165922C52BB1F00C1AA47 /* PlayAgilityScene.swift */; };
		EEE165962C52C61200C1AA47 /* TimeFormatter.swift in Sources */ = {isa = PBXBuildFile; fileRef = EEE165952C52C61200C1AA47 /* TimeFormatter.swift */; };
/* End PBXBuildFile section */

/* Begin PBXFileReference section */
		EEE165672C528EBD00C1AA47 /* Airborne Agility.app */ = {isa = PBXFileReference; explicitFileType = wrapper.application; includeInIndex = 0; path = "Airborne Agility.app"; sourceTree = BUILT_PRODUCTS_DIR; };
		EEE1656A2C528EBD00C1AA47 /* Airborne_AgilityApp.swift */ = {isa = PBXFileReference; lastKnownFileType = sourcecode.swift; path = Airborne_AgilityApp.swift; sourceTree = "<group>"; };
		EEE1656C2C528EBD00C1AA47 /* ContentView.swift */ = {isa = PBXFileReference; lastKnownFileType = sourcecode.swift; path = ContentView.swift; sourceTree = "<group>"; };
		EEE1656E2C528EBF00C1AA47 /* Assets.xcassets */ = {isa = PBXFileReference; lastKnownFileType = folder.assetcatalog; path = Assets.xcassets; sourceTree = "<group>"; };
		EEE165712C528EBF00C1AA47 /* Preview Assets.xcassets */ = {isa = PBXFileReference; lastKnownFileType = folder.assetcatalog; path = "Preview Assets.xcassets"; sourceTree = "<group>"; };
		EEE165782C52901600C1AA47 /* Souses.otf */ = {isa = PBXFileReference; lastKnownFileType = file; path = Souses.otf; sourceTree = "<group>"; };
		EEE1657A2C52902500C1AA47 /* Airborne-Agility-Info.plist */ = {isa = PBXFileReference; lastKnownFileType = text.plist; path = "Airborne-Agility-Info.plist"; sourceTree = SOURCE_ROOT; };
		EEE1657C2C5290B300C1AA47 /* Color.swift */ = {isa = PBXFileReference; lastKnownFileType = sourcecode.swift; path = Color.swift; sourceTree = "<group>"; };
		EEE1657F2C52912E00C1AA47 /* RulesAgilityView.swift */ = {isa = PBXFileReference; lastKnownFileType = sourcecode.swift; path = RulesAgilityView.swift; sourceTree = "<group>"; };
		EEE165832C52923600C1AA47 /* UserDataMain.swift */ = {isa = PBXFileReference; lastKnownFileType = sourcecode.swift; path = UserDataMain.swift; sourceTree = "<group>"; };
		EEE165862C52949100C1AA47 /* DailyRewardsView.swift */ = {isa = PBXFileReference; lastKnownFileType = sourcecode.swift; path = DailyRewardsView.swift; sourceTree = "<group>"; };
		EEE165882C529AEC00C1AA47 /* DailyRewardsViewModel.swift */ = {isa = PBXFileReference; lastKnownFileType = sourcecode.swift; path = DailyRewardsViewModel.swift; sourceTree = "<group>"; };
		EEE1658B2C529EDA00C1AA47 /* SettingsAgilityView.swift */ = {isa = PBXFileReference; lastKnownFileType = sourcecode.swift; path = SettingsAgilityView.swift; sourceTree = "<group>"; };
		EEE1658D2C52A0D500C1AA47 /* SettingsViewModel.swift */ = {isa = PBXFileReference; lastKnownFileType = sourcecode.swift; path = SettingsViewModel.swift; sourceTree = "<group>"; };
		EEE165902C52BB0600C1AA47 /* PlayAgilityView.swift */ = {isa = PBXFileReference; lastKnownFileType = sourcecode.swift; path = PlayAgilityView.swift; sourceTree = "<group>"; };
		EEE165922C52BB1F00C1AA47 /* PlayAgilityScene.swift */ = {isa = PBXFileReference; lastKnownFileType = sourcecode.swift; path = PlayAgilityScene.swift; sourceTree = "<group>"; };
		EEE165952C52C61200C1AA47 /* TimeFormatter.swift */ = {isa = PBXFileReference; lastKnownFileType = sourcecode.swift; path = TimeFormatter.swift; sourceTree = "<group>"; };
/* End PBXFileReference section */

/* Begin PBXFrameworksBuildPhase section */
		EEE165642C528EBD00C1AA47 /* Frameworks */ = {
			isa = PBXFrameworksBuildPhase;
			buildActionMask = 2147483647;
			files = (
			);
			runOnlyForDeploymentPostprocessing = 0;
		};
/* End PBXFrameworksBuildPhase section */

/* Begin PBXGroup section */
		EEE1655E2C528EBD00C1AA47 = {
			isa = PBXGroup;
			children = (
				EEE165692C528EBD00C1AA47 /* Airborne Agility */,
				EEE165682C528EBD00C1AA47 /* Products */,
			);
			sourceTree = "<group>";
		};
		EEE165682C528EBD00C1AA47 /* Products */ = {
			isa = PBXGroup;
			children = (
				EEE165672C528EBD00C1AA47 /* Airborne Agility.app */,
			);
			name = Products;
			sourceTree = "<group>";
		};
		EEE165692C528EBD00C1AA47 /* Airborne Agility */ = {
			isa = PBXGroup;
			children = (
				EEE165942C52C60200C1AA47 /* Common */,
				EEE1658F2C52BAF700C1AA47 /* PlayAgility */,
				EEE1658A2C529EC800C1AA47 /* SettingsAgility */,
				EEE165852C52945100C1AA47 /* DailyRewards */,
				EEE165812C52922700C1AA47 /* Data */,
				EEE1657E2C52911900C1AA47 /* RulesAgility */,
				EEE1657B2C5290AB00C1AA47 /* Ext */,
				EEE1657A2C52902500C1AA47 /* Airborne-Agility-Info.plist */,
				EEE165782C52901600C1AA47 /* Souses.otf */,
				EEE1656A2C528EBD00C1AA47 /* Airborne_AgilityApp.swift */,
				EEE1656C2C528EBD00C1AA47 /* ContentView.swift */,
				EEE1656E2C528EBF00C1AA47 /* Assets.xcassets */,
				EEE165702C528EBF00C1AA47 /* Preview Content */,
			);
			path = "Airborne Agility";
			sourceTree = "<group>";
		};
		EEE165702C528EBF00C1AA47 /* Preview Content */ = {
			isa = PBXGroup;
			children = (
				EEE165712C528EBF00C1AA47 /* Preview Assets.xcassets */,
			);
			path = "Preview Content";
			sourceTree = "<group>";
		};
		EEE1657B2C5290AB00C1AA47 /* Ext */ = {
			isa = PBXGroup;
			children = (
				EEE1657C2C5290B300C1AA47 /* Color.swift */,
			);
			path = Ext;
			sourceTree = "<group>";
		};
		EEE1657E2C52911900C1AA47 /* RulesAgility */ = {
			isa = PBXGroup;
			children = (
				EEE1657F2C52912E00C1AA47 /* RulesAgilityView.swift */,
			);
			path = RulesAgility;
			sourceTree = "<group>";
		};
		EEE165812C52922700C1AA47 /* Data */ = {
			isa = PBXGroup;
			children = (
				EEE165822C52922B00C1AA47 /* Main */,
			);
			path = Data;
			sourceTree = "<group>";
		};
		EEE165822C52922B00C1AA47 /* Main */ = {
			isa = PBXGroup;
			children = (
				EEE165832C52923600C1AA47 /* UserDataMain.swift */,
			);
			path = Main;
			sourceTree = "<group>";
		};
		EEE165852C52945100C1AA47 /* DailyRewards */ = {
			isa = PBXGroup;
			children = (
				EEE165862C52949100C1AA47 /* DailyRewardsView.swift */,
				EEE165882C529AEC00C1AA47 /* DailyRewardsViewModel.swift */,
			);
			path = DailyRewards;
			sourceTree = "<group>";
		};
		EEE1658A2C529EC800C1AA47 /* SettingsAgility */ = {
			isa = PBXGroup;
			children = (
				EEE1658B2C529EDA00C1AA47 /* SettingsAgilityView.swift */,
				EEE1658D2C52A0D500C1AA47 /* SettingsViewModel.swift */,
			);
			path = SettingsAgility;
			sourceTree = "<group>";
		};
		EEE1658F2C52BAF700C1AA47 /* PlayAgility */ = {
			isa = PBXGroup;
			children = (
				EEE165902C52BB0600C1AA47 /* PlayAgilityView.swift */,
				EEE165922C52BB1F00C1AA47 /* PlayAgilityScene.swift */,
			);
			path = PlayAgility;
			sourceTree = "<group>";
		};
		EEE165942C52C60200C1AA47 /* Common */ = {
			isa = PBXGroup;
			children = (
				EEE165952C52C61200C1AA47 /* TimeFormatter.swift */,
			);
			path = Common;
			sourceTree = "<group>";
		};
/* End PBXGroup section */

/* Begin PBXNativeTarget section */
		EEE165662C528EBD00C1AA47 /* Airborne Agility */ = {
			isa = PBXNativeTarget;
			buildConfigurationList = EEE165752C528EBF00C1AA47 /* Build configuration list for PBXNativeTarget "Airborne Agility" */;
			buildPhases = (
				EEE165632C528EBD00C1AA47 /* Sources */,
				EEE165642C528EBD00C1AA47 /* Frameworks */,
				EEE165652C528EBD00C1AA47 /* Resources */,
			);
			buildRules = (
			);
			dependencies = (
			);
			name = "Airborne Agility";
			productName = "Airborne Agility";
			productReference = EEE165672C528EBD00C1AA47 /* Airborne Agility.app */;
			productType = "com.apple.product-type.application";
		};
/* End PBXNativeTarget section */

/* Begin PBXProject section */
		EEE1655F2C528EBD00C1AA47 /* Project object */ = {
			isa = PBXProject;
			attributes = {
				BuildIndependentTargetsInParallel = 1;
				LastSwiftUpdateCheck = 1510;
				LastUpgradeCheck = 1510;
				TargetAttributes = {
					EEE165662C528EBD00C1AA47 = {
						CreatedOnToolsVersion = 15.1;
					};
				};
			};
			buildConfigurationList = EEE165622C528EBD00C1AA47 /* Build configuration list for PBXProject "Airborne Agility" */;
			compatibilityVersion = "Xcode 14.0";
			developmentRegion = en;
			hasScannedForEncodings = 0;
			knownRegions = (
				en,
				Base,
			);
			mainGroup = EEE1655E2C528EBD00C1AA47;
			productRefGroup = EEE165682C528EBD00C1AA47 /* Products */;
			projectDirPath = "";
			projectRoot = "";
			targets = (
				EEE165662C528EBD00C1AA47 /* Airborne Agility */,
			);
		};
/* End PBXProject section */

/* Begin PBXResourcesBuildPhase section */
		EEE165652C528EBD00C1AA47 /* Resources */ = {
			isa = PBXResourcesBuildPhase;
			buildActionMask = 2147483647;
			files = (
				EEE165792C52901600C1AA47 /* Souses.otf in Resources */,
				EEE165722C528EBF00C1AA47 /* Preview Assets.xcassets in Resources */,
				EEE1656F2C528EBF00C1AA47 /* Assets.xcassets in Resources */,
			);
			runOnlyForDeploymentPostprocessing = 0;
		};
/* End PBXResourcesBuildPhase section */

/* Begin PBXSourcesBuildPhase section */
		EEE165632C528EBD00C1AA47 /* Sources */ = {
			isa = PBXSourcesBuildPhase;
			buildActionMask = 2147483647;
			files = (
				EEE1656D2C528EBD00C1AA47 /* ContentView.swift in Sources */,
				EEE165962C52C61200C1AA47 /* TimeFormatter.swift in Sources */,
				EEE165892C529AEC00C1AA47 /* DailyRewardsViewModel.swift in Sources */,
				EEE165932C52BB1F00C1AA47 /* PlayAgilityScene.swift in Sources */,
				EEE165872C52949100C1AA47 /* DailyRewardsView.swift in Sources */,
				EEE1658C2C529EDA00C1AA47 /* SettingsAgilityView.swift in Sources */,
				EEE1656B2C528EBD00C1AA47 /* Airborne_AgilityApp.swift in Sources */,
				EEE165802C52912E00C1AA47 /* RulesAgilityView.swift in Sources */,
				EEE165912C52BB0600C1AA47 /* PlayAgilityView.swift in Sources */,
				EEE1657D2C5290B300C1AA47 /* Color.swift in Sources */,
				EEE165842C52923600C1AA47 /* UserDataMain.swift in Sources */,
				EEE1658E2C52A0D500C1AA47 /* SettingsViewModel.swift in Sources */,
			);
			runOnlyForDeploymentPostprocessing = 0;
		};
/* End PBXSourcesBuildPhase section */

/* Begin XCBuildConfiguration section */
		EEE165732C528EBF00C1AA47 /* Debug */ = {
			isa = XCBuildConfiguration;
			buildSettings = {
				ALWAYS_SEARCH_USER_PATHS = NO;
				ASSETCATALOG_COMPILER_GENERATE_SWIFT_ASSET_SYMBOL_EXTENSIONS = YES;
				CLANG_ANALYZER_NONNULL = YES;
				CLANG_ANALYZER_NUMBER_OBJECT_CONVERSION = YES_AGGRESSIVE;
				CLANG_CXX_LANGUAGE_STANDARD = "gnu++20";
				CLANG_ENABLE_MODULES = YES;
				CLANG_ENABLE_OBJC_ARC = YES;
				CLANG_ENABLE_OBJC_WEAK = YES;
				CLANG_WARN_BLOCK_CAPTURE_AUTORELEASING = YES;
				CLANG_WARN_BOOL_CONVERSION = YES;
				CLANG_WARN_COMMA = YES;
				CLANG_WARN_CONSTANT_CONVERSION = YES;
				CLANG_WARN_DEPRECATED_OBJC_IMPLEMENTATIONS = YES;
				CLANG_WARN_DIRECT_OBJC_ISA_USAGE = YES_ERROR;
				CLANG_WARN_DOCUMENTATION_COMMENTS = YES;
				CLANG_WARN_EMPTY_BODY = YES;
				CLANG_WARN_ENUM_CONVERSION = YES;
				CLANG_WARN_INFINITE_RECURSION = YES;
				CLANG_WARN_INT_CONVERSION = YES;
				CLANG_WARN_NON_LITERAL_NULL_CONVERSION = YES;
				CLANG_WARN_OBJC_IMPLICIT_RETAIN_SELF = YES;
				CLANG_WARN_OBJC_LITERAL_CONVERSION = YES;
				CLANG_WARN_OBJC_ROOT_CLASS = YES_ERROR;
				CLANG_WARN_QUOTED_INCLUDE_IN_FRAMEWORK_HEADER = YES;
				CLANG_WARN_RANGE_LOOP_ANALYSIS = YES;
				CLANG_WARN_STRICT_PROTOTYPES = YES;
				CLANG_WARN_SUSPICIOUS_MOVE = YES;
				CLANG_WARN_UNGUARDED_AVAILABILITY = YES_AGGRESSIVE;
				CLANG_WARN_UNREACHABLE_CODE = YES;
				CLANG_WARN__DUPLICATE_METHOD_MATCH = YES;
				COPY_PHASE_STRIP = NO;
				DEBUG_INFORMATION_FORMAT = dwarf;
				ENABLE_STRICT_OBJC_MSGSEND = YES;
				ENABLE_TESTABILITY = YES;
				ENABLE_USER_SCRIPT_SANDBOXING = YES;
				GCC_C_LANGUAGE_STANDARD = gnu17;
				GCC_DYNAMIC_NO_PIC = NO;
				GCC_NO_COMMON_BLOCKS = YES;
				GCC_OPTIMIZATION_LEVEL = 0;
				GCC_PREPROCESSOR_DEFINITIONS = (
					"DEBUG=1",
					"$(inherited)",
				);
				GCC_WARN_64_TO_32_BIT_CONVERSION = YES;
				GCC_WARN_ABOUT_RETURN_TYPE = YES_ERROR;
				GCC_WARN_UNDECLARED_SELECTOR = YES;
				GCC_WARN_UNINITIALIZED_AUTOS = YES_AGGRESSIVE;
				GCC_WARN_UNUSED_FUNCTION = YES;
				GCC_WARN_UNUSED_VARIABLE = YES;
				IPHONEOS_DEPLOYMENT_TARGET = 17.2;
				LOCALIZATION_PREFERS_STRING_CATALOGS = YES;
				MTL_ENABLE_DEBUG_INFO = INCLUDE_SOURCE;
				MTL_FAST_MATH = YES;
				ONLY_ACTIVE_ARCH = YES;
				SDKROOT = iphoneos;
				SWIFT_ACTIVE_COMPILATION_CONDITIONS = "DEBUG $(inherited)";
				SWIFT_OPTIMIZATION_LEVEL = "-Onone";
			};
			name = Debug;
		};
		EEE165742C528EBF00C1AA47 /* Release */ = {
			isa = XCBuildConfiguration;
			buildSettings = {
				ALWAYS_SEARCH_USER_PATHS = NO;
				ASSETCATALOG_COMPILER_GENERATE_SWIFT_ASSET_SYMBOL_EXTENSIONS = YES;
				CLANG_ANALYZER_NONNULL = YES;
				CLANG_ANALYZER_NUMBER_OBJECT_CONVERSION = YES_AGGRESSIVE;
				CLANG_CXX_LANGUAGE_STANDARD = "gnu++20";
				CLANG_ENABLE_MODULES = YES;
				CLANG_ENABLE_OBJC_ARC = YES;
				CLANG_ENABLE_OBJC_WEAK = YES;
				CLANG_WARN_BLOCK_CAPTURE_AUTORELEASING = YES;
				CLANG_WARN_BOOL_CONVERSION = YES;
				CLANG_WARN_COMMA = YES;
				CLANG_WARN_CONSTANT_CONVERSION = YES;
				CLANG_WARN_DEPRECATED_OBJC_IMPLEMENTATIONS = YES;
				CLANG_WARN_DIRECT_OBJC_ISA_USAGE = YES_ERROR;
				CLANG_WARN_DOCUMENTATION_COMMENTS = YES;
				CLANG_WARN_EMPTY_BODY = YES;
				CLANG_WARN_ENUM_CONVERSION = YES;
				CLANG_WARN_INFINITE_RECURSION = YES;
				CLANG_WARN_INT_CONVERSION = YES;
				CLANG_WARN_NON_LITERAL_NULL_CONVERSION = YES;
				CLANG_WARN_OBJC_IMPLICIT_RETAIN_SELF = YES;
				CLANG_WARN_OBJC_LITERAL_CONVERSION = YES;
				CLANG_WARN_OBJC_ROOT_CLASS = YES_ERROR;
				CLANG_WARN_QUOTED_INCLUDE_IN_FRAMEWORK_HEADER = YES;
				CLANG_WARN_RANGE_LOOP_ANALYSIS = YES;
				CLANG_WARN_STRICT_PROTOTYPES = YES;
				CLANG_WARN_SUSPICIOUS_MOVE = YES;
				CLANG_WARN_UNGUARDED_AVAILABILITY = YES_AGGRESSIVE;
				CLANG_WARN_UNREACHABLE_CODE = YES;
				CLANG_WARN__DUPLICATE_METHOD_MATCH = YES;
				COPY_PHASE_STRIP = NO;
				DEBUG_INFORMATION_FORMAT = "dwarf-with-dsym";
				ENABLE_NS_ASSERTIONS = NO;
				ENABLE_STRICT_OBJC_MSGSEND = YES;
				ENABLE_USER_SCRIPT_SANDBOXING = YES;
				GCC_C_LANGUAGE_STANDARD = gnu17;
				GCC_NO_COMMON_BLOCKS = YES;
				GCC_WARN_64_TO_32_BIT_CONVERSION = YES;
				GCC_WARN_ABOUT_RETURN_TYPE = YES_ERROR;
				GCC_WARN_UNDECLARED_SELECTOR = YES;
				GCC_WARN_UNINITIALIZED_AUTOS = YES_AGGRESSIVE;
				GCC_WARN_UNUSED_FUNCTION = YES;
				GCC_WARN_UNUSED_VARIABLE = YES;
				IPHONEOS_DEPLOYMENT_TARGET = 17.2;
				LOCALIZATION_PREFERS_STRING_CATALOGS = YES;
				MTL_ENABLE_DEBUG_INFO = NO;
				MTL_FAST_MATH = YES;
				SDKROOT = iphoneos;
				SWIFT_COMPILATION_MODE = wholemodule;
				VALIDATE_PRODUCT = YES;
			};
			name = Release;
		};
		EEE165762C528EBF00C1AA47 /* Debug */ = {
			isa = XCBuildConfiguration;
			buildSettings = {
				ASSETCATALOG_COMPILER_APPICON_NAME = AppIcon;
				ASSETCATALOG_COMPILER_GLOBAL_ACCENT_COLOR_NAME = AccentColor;
				CODE_SIGN_STYLE = Automatic;
				CURRENT_PROJECT_VERSION = 1;
				DEVELOPMENT_ASSET_PATHS = "\"Airborne Agility/Preview Content\"";
				DEVELOPMENT_TEAM = 4RSA42DBKQ;
				ENABLE_PREVIEWS = YES;
				GENERATE_INFOPLIST_FILE = YES;
				INFOPLIST_FILE = "Airborne-Agility-Info.plist";
				INFOPLIST_KEY_CFBundleDisplayName = "Ation agility";
				INFOPLIST_KEY_UIApplicationSceneManifest_Generation = YES;
				INFOPLIST_KEY_UIApplicationSupportsIndirectInputEvents = YES;
				INFOPLIST_KEY_UILaunchScreen_Generation = YES;
				INFOPLIST_KEY_UISupportedInterfaceOrientations_iPad = "UIInterfaceOrientationPortrait UIInterfaceOrientationPortraitUpsideDown UIInterfaceOrientationLandscapeLeft UIInterfaceOrientationLandscapeRight";
				INFOPLIST_KEY_UISupportedInterfaceOrientations_iPhone = "UIInterfaceOrientationPortrait UIInterfaceOrientationLandscapeLeft UIInterfaceOrientationLandscapeRight";
				LD_RUNPATH_SEARCH_PATHS = (
					"$(inherited)",
					"@executable_path/Frameworks",
				);
				MARKETING_VERSION = 1.0;
				PRODUCT_BUNDLE_IDENTIFIER = "com.gamenation.Airborne-Agility";
				PRODUCT_NAME = "$(TARGET_NAME)";
				SUPPORTED_PLATFORMS = "iphoneos iphonesimulator";
				SUPPORTS_MACCATALYST = NO;
				SUPPORTS_MAC_DESIGNED_FOR_IPHONE_IPAD = NO;
				SWIFT_EMIT_LOC_STRINGS = YES;
				SWIFT_VERSION = 5.0;
				TARGETED_DEVICE_FAMILY = "1,2";
			};
			name = Debug;
		};
		EEE165772C528EBF00C1AA47 /* Release */ = {
			isa = XCBuildConfiguration;
			buildSettings = {
				ASSETCATALOG_COMPILER_APPICON_NAME = AppIcon;
				ASSETCATALOG_COMPILER_GLOBAL_ACCENT_COLOR_NAME = AccentColor;
				CODE_SIGN_STYLE = Automatic;
				CURRENT_PROJECT_VERSION = 1;
				DEVELOPMENT_ASSET_PATHS = "\"Airborne Agility/Preview Content\"";
				DEVELOPMENT_TEAM = 4RSA42DBKQ;
				ENABLE_PREVIEWS = YES;
				GENERATE_INFOPLIST_FILE = YES;
				INFOPLIST_FILE = "Airborne-Agility-Info.plist";
				INFOPLIST_KEY_CFBundleDisplayName = "Ation agility";
				INFOPLIST_KEY_UIApplicationSceneManifest_Generation = YES;
				INFOPLIST_KEY_UIApplicationSupportsIndirectInputEvents = YES;
				INFOPLIST_KEY_UILaunchScreen_Generation = YES;
				INFOPLIST_KEY_UISupportedInterfaceOrientations_iPad = "UIInterfaceOrientationPortrait UIInterfaceOrientationPortraitUpsideDown UIInterfaceOrientationLandscapeLeft UIInterfaceOrientationLandscapeRight";
				INFOPLIST_KEY_UISupportedInterfaceOrientations_iPhone = "UIInterfaceOrientationPortrait UIInterfaceOrientationLandscapeLeft UIInterfaceOrientationLandscapeRight";
				LD_RUNPATH_SEARCH_PATHS = (
					"$(inherited)",
					"@executable_path/Frameworks",
				);
				MARKETING_VERSION = 1.0;
				PRODUCT_BUNDLE_IDENTIFIER = "com.gamenation.Airborne-Agility";
				PRODUCT_NAME = "$(TARGET_NAME)";
				SUPPORTED_PLATFORMS = "iphoneos iphonesimulator";
				SUPPORTS_MACCATALYST = NO;
				SUPPORTS_MAC_DESIGNED_FOR_IPHONE_IPAD = NO;
				SWIFT_EMIT_LOC_STRINGS = YES;
				SWIFT_VERSION = 5.0;
				TARGETED_DEVICE_FAMILY = "1,2";
			};
			name = Release;
		};
/* End XCBuildConfiguration section */

/* Begin XCConfigurationList section */
		EEE165622C528EBD00C1AA47 /* Build configuration list for PBXProject "Airborne Agility" */ = {
			isa = XCConfigurationList;
			buildConfigurations = (
				EEE165732C528EBF00C1AA47 /* Debug */,
				EEE165742C528EBF00C1AA47 /* Release */,
			);
			defaultConfigurationIsVisible = 0;
			defaultConfigurationName = Release;
		};
		EEE165752C528EBF00C1AA47 /* Build configuration list for PBXNativeTarget "Airborne Agility" */ = {
			isa = XCConfigurationList;
			buildConfigurations = (
				EEE165762C528EBF00C1AA47 /* Debug */,
				EEE165772C528EBF00C1AA47 /* Release */,
			);
			defaultConfigurationIsVisible = 0;
			defaultConfigurationName = Release;
		};
/* End XCConfigurationList section */
	};
	rootObject = EEE1655F2C528EBD00C1AA47 /* Project object */;
}
